
Microsoft Visual Studio Solution File, Format Version 12.00
# Visual Studio Version 17
VisualStudioVersion = 17.5.33424.131
MinimumVisualStudioVersion = 10.0.40219.1
Project("{FAE04EC0-301F-11D3-BF4B-00C04F79EFBC}") = "StepMediaTest", "StepMediaTest\StepMediaTest.csproj", "{35559B33-F874-4052-B577-FAA8309D2854}"
EndProject
Global
	GlobalSection(SolutionConfigurationPlatforms) = preSolution
		Debug|Any CPU = Debug|Any CPU
		Release|Any CPU = Release|Any CPU
	EndGlobalSection
	GlobalSection(ProjectConfigurationPlatforms) = postSolution
		{35559B33-F874-4052-B577-FAA8309D2854}.Debug|Any CPU.ActiveCfg = Debug|Any CPU
		{35559B33-F874-4052-B577-FAA8309D2854}.Debug|Any CPU.Build.0 = Debug|Any CPU
		{35559B33-F874-4052-B577-FAA8309D2854}.Release|Any CPU.ActiveCfg = Release|Any CPU
		{35559B33-F874-4052-B577-FAA8309D2854}.Release|Any CPU.Build.0 = Release|Any CPU
	EndGlobalSection
	GlobalSection(SolutionProperties) = preSolution
		HideSolutionNode = FALSE
	EndGlobalSection
	GlobalSection(ExtensibilityGlobals) = postSolution
		SolutionGuid = {6C4B79BA-297C-4AFD-A96C-5E7CCA7F835D}
	EndGlobalSection
EndGlobal
